<?xml version="1.0" encoding="utf-8"?>
<Project ToolsVersion="4.0" xmlns="http://schemas.microsoft.com/developer/msbuild/2003">
  <ItemGroup>
    <ClCompile Include="$(MSBuildThisFileDirectory)Attributed.cpp" />
    <ClCompile Include="$(MSBuildThisFileDirectory)Datum.cpp" />
    <ClCompile Include="$(MSBuildThisFileDirectory)DefaultHashFunctor.cpp" />
    <ClCompile Include="$(MSBuildThisFileDirectory)Entity.cpp" />
    <ClCompile Include="$(MSBuildThisFileDirectory)EventMessageAttributed.cpp" />
    <ClCompile Include="$(MSBuildThisFileDirectory)IJsonParseHelper.cpp" />
    <ClCompile Include="$(MSBuildThisFileDirectory)JsonParseMaster.cpp" />
    <ClCompile Include="$(MSBuildThisFileDirectory)Scope.cpp" />
    <ClCompile Include="$(MSBuildThisFileDirectory)ScopeJsonParseHelper.cpp" />
    <ClCompile Include="$(MSBuildThisFileDirectory)Sector.cpp" />
    <ClCompile Include="$(MSBuildThisFileDirectory)TypeManager.cpp" />
    <ClCompile Include="$(MSBuildThisFileDirectory)World.cpp" />
    <ClCompile Include="$(MSBuildThisFileDirectory)WorldState.cpp" />
    <ClCompile Include="$(MSBuildThisFileDirectory)EventQueue.cpp">
      <Filter>Events</Filter>
    </ClCompile>
    <ClCompile Include="$(MSBuildThisFileDirectory)EventPublisher.cpp">
      <Filter>Events</Filter>
    </ClCompile>
    <ClCompile Include="$(MSBuildThisFileDirectory)IEventSubscriber.cpp">
      <Filter>Events</Filter>
    </ClCompile>
    <ClCompile Include="$(MSBuildThisFileDirectory)Action.cpp">
      <Filter>Actions</Filter>
    </ClCompile>
    <ClCompile Include="$(MSBuildThisFileDirectory)ActionEvent.cpp">
      <Filter>Actions</Filter>
    </ClCompile>
    <ClCompile Include="$(MSBuildThisFileDirectory)ActionIncrement.cpp">
      <Filter>Actions</Filter>
    </ClCompile>
    <ClCompile Include="$(MSBuildThisFileDirectory)ActionList.cpp">
      <Filter>Actions</Filter>
    </ClCompile>
    <ClCompile Include="$(MSBuildThisFileDirectory)ActionListWhile.cpp">
      <Filter>Actions</Filter>
    </ClCompile>
    <ClCompile Include="$(MSBuildThisFileDirectory)Reaction.cpp">
      <Filter>Actions</Filter>
    </ClCompile>
    <ClCompile Include="$(MSBuildThisFileDirectory)ReactionAttributed.cpp">
      <Filter>Actions</Filter>
    </ClCompile>
    <ClCompile Include="$(MSBuildThisFileDirectory)GameClock.cpp">
      <Filter>Game Clock</Filter>
    </ClCompile>
    <ClCompile Include="$(MSBuildThisFileDirectory)GameTime.cpp">
      <Filter>Game Clock</Filter>
    </ClCompile>
    <ClCompile Include="$(MSBuildThisFileDirectory)CreateAction.cpp">
      <Filter>Actions</Filter>
    </ClCompile>
    <ClCompile Include="$(MSBuildThisFileDirectory)DestroyAction.cpp">
      <Filter>Actions</Filter>
    </ClCompile>
    <ClCompile Include="$(MSBuildThisFileDirectory)pch.cpp" />
  </ItemGroup>
  <ItemGroup>
    <ClInclude Include="$(MSBuildThisFileDirectory)Attributed.h" />
    <ClInclude Include="$(MSBuildThisFileDirectory)Datum.h" />
    <ClInclude Include="$(MSBuildThisFileDirectory)DefaultHashFunctor.h" />
    <ClInclude Include="$(MSBuildThisFileDirectory)Entity.h" />
    <ClInclude Include="$(MSBuildThisFileDirectory)EventMessageAttributed.h" />
    <ClInclude Include="$(MSBuildThisFileDirectory)Factory.h" />
    <ClInclude Include="$(MSBuildThisFileDirectory)IJsonParseHelper.h" />
    <ClInclude Include="$(MSBuildThisFileDirectory)JsonParseMaster.h" />
    <ClInclude Include="$(MSBuildThisFileDirectory)pch.h" />
    <ClInclude Include="$(MSBuildThisFileDirectory)RTTI.h" />
    <ClInclude Include="$(MSBuildThisFileDirectory)Scope.h" />
    <ClInclude Include="$(MSBuildThisFileDirectory)ScopeJsonParseHelper.h" />
    <ClInclude Include="$(MSBuildThisFileDirectory)Sector.h" />
    <ClInclude Include="$(MSBuildThisFileDirectory)TypeManager.h" />
    <ClInclude Include="$(MSBuildThisFileDirectory)World.h" />
    <ClInclude Include="$(MSBuildThisFileDirectory)WorldState.h" />
    <ClInclude Include="$(MSBuildThisFileDirectory)SList.h">
      <Filter>Standard Containers</Filter>
    </ClInclude>
    <ClInclude Include="$(MSBuildThisFileDirectory)Stack.h">
      <Filter>Standard Containers</Filter>
    </ClInclude>
    <ClInclude Include="$(MSBuildThisFileDirectory)Vector.h">
      <Filter>Standard Containers</Filter>
    </ClInclude>
    <ClInclude Include="$(MSBuildThisFileDirectory)Event.h">
      <Filter>Events</Filter>
    </ClInclude>
    <ClInclude Include="$(MSBuildThisFileDirectory)EventPublisher.h">
      <Filter>Events</Filter>
    </ClInclude>
    <ClInclude Include="$(MSBuildThisFileDirectory)EventQueue.h">
      <Filter>Events</Filter>
    </ClInclude>
    <ClInclude Include="$(MSBuildThisFileDirectory)IEventSubscriber.h">
      <Filter>Events</Filter>
    </ClInclude>
    <ClInclude Include="$(MSBuildThisFileDirectory)Action.h">
      <Filter>Actions</Filter>
    </ClInclude>
    <ClInclude Include="$(MSBuildThisFileDirectory)ActionEvent.h">
      <Filter>Actions</Filter>
    </ClInclude>
    <ClInclude Include="$(MSBuildThisFileDirectory)ActionIncrement.h">
      <Filter>Actions</Filter>
    </ClInclude>
    <ClInclude Include="$(MSBuildThisFileDirectory)ActionList.h">
      <Filter>Actions</Filter>
    </ClInclude>
    <ClInclude Include="$(MSBuildThisFileDirectory)ActionListWhile.h">
      <Filter>Actions</Filter>
    </ClInclude>
    <ClInclude Include="$(MSBuildThisFileDirectory)Reaction.h">
      <Filter>Actions</Filter>
    </ClInclude>
    <ClInclude Include="$(MSBuildThisFileDirectory)ReactionAttributed.h">
      <Filter>Actions</Filter>
    </ClInclude>
    <ClInclude Include="$(MSBuildThisFileDirectory)GameClock.h">
      <Filter>Game Clock</Filter>
    </ClInclude>
    <ClInclude Include="$(MSBuildThisFileDirectory)GameTime.h">
      <Filter>Game Clock</Filter>
    </ClInclude>
    <ClInclude Include="$(MSBuildThisFileDirectory)CreateAction.h">
      <Filter>Actions</Filter>
    </ClInclude>
    <ClInclude Include="$(MSBuildThisFileDirectory)DestroyAction.h">
      <Filter>Actions</Filter>
    </ClInclude>
    <ClInclude Include="$(MSBuildThisFileDirectory)RedBlackTree.h">
      <Filter>Standard Containers</Filter>
    </ClInclude>
    <ClInclude Include="$(MSBuildThisFileDirectory)TemplateLogic.h" />
    <ClInclude Include="$(MSBuildThisFileDirectory)DList.h">
      <Filter>Standard Containers</Filter>
    </ClInclude>
    <ClInclude Include="$(MSBuildThisFileDirectory)OrderedMap.h">
      <Filter>Standard Containers</Filter>
    </ClInclude>
    <ClInclude Include="$(MSBuildThisFileDirectory)OrderedMultiMap.h">
      <Filter>Standard Containers</Filter>
    </ClInclude>
    <ClInclude Include="$(MSBuildThisFileDirectory)OrderedMapTraits.h">
      <Filter>Standard Containers</Filter>
    </ClInclude>
    <ClInclude Include="$(MSBuildThisFileDirectory)OrderedMultiSet.h">
      <Filter>Standard Containers</Filter>
    </ClInclude>
    <ClInclude Include="D:\Google Drive\Graduate Classes\FIEA Classes\Semester 2\Programming 2\FIEAGameEngine\source\Library.Shared\OrderedSet.h">
      <Filter>Standard Containers</Filter>
    </ClInclude>
    <ClInclude Include="D:\Google Drive\Graduate Classes\FIEA Classes\Semester 2\Programming 2\FIEAGameEngine\source\Library.Shared\OrderedSetTraits.h">
      <Filter>Standard Containers</Filter>
    </ClInclude>
    <ClInclude Include="D:\Google Drive\Graduate Classes\FIEA Classes\Semester 2\Programming 2\FIEAGameEngine\source\Library.Shared\UnorderedMap.h">
      <Filter>Standard Containers</Filter>
    </ClInclude>
  </ItemGroup>
  <ItemGroup>
    <None Include="$(MSBuildThisFileDirectory)Datum.inl" />
    <None Include="$(MSBuildThisFileDirectory)Factory.inl" />
    <None Include="$(MSBuildThisFileDirectory)SList.inl">
      <Filter>Standard Containers</Filter>
    </None>
    <None Include="$(MSBuildThisFileDirectory)Stack.inl">
      <Filter>Standard Containers</Filter>
    </None>
    <None Include="$(MSBuildThisFileDirectory)Vector.inl">
      <Filter>Standard Containers</Filter>
    </None>
    <None Include="$(MSBuildThisFileDirectory)Event.inl">
      <Filter>Events</Filter>
    </None>
    <None Include="$(MSBuildThisFileDirectory)RedBlackTree.inl">
      <Filter>Standard Containers</Filter>
    </None>
    <None Include="$(MSBuildThisFileDirectory)DList.inl">
      <Filter>Standard Containers</Filter>
    </None>
    <None Include="$(MSBuildThisFileDirectory)OrderedMap.inl">
      <Filter>Standard Containers</Filter>
    </None>
    <None Include="$(MSBuildThisFileDirectory)OrderedMultiMap.inl">
      <Filter>Standard Containers</Filter>
    </None>
    <None Include="$(MSBuildThisFileDirectory)OrderedMultiSet.inl">
      <Filter>Standard Containers</Filter>
    </None>
    <None Include="D:\Google Drive\Graduate Classes\FIEA Classes\Semester 2\Programming 2\FIEAGameEngine\source\Library.Shared\OrderedSet.inl">
      <Filter>Standard Containers</Filter>
    </None>
    <None Include="D:\Google Drive\Graduate Classes\FIEA Classes\Semester 2\Programming 2\FIEAGameEngine\source\Library.Shared\UnorderedMap.inl">
      <Filter>Standard Containers</Filter>
    </None>
  </ItemGroup>
  <ItemGroup>
    <Filter Include="Standard Containers">
      <UniqueIdentifier>{d2fba5d5-c5ed-4375-9156-43a7d67965d2}</UniqueIdentifier>
    </Filter>
    <Filter Include="Events">
      <UniqueIdentifier>{b445c48d-c0c0-4237-88c4-d72aac80740d}</UniqueIdentifier>
    </Filter>
    <Filter Include="Actions">
      <UniqueIdentifier>{8bee6dfa-cce6-4704-b227-ba164fd336e9}</UniqueIdentifier>
    </Filter>
    <Filter Include="Game Clock">
      <UniqueIdentifier>{4ac0215f-05da-4748-a4c9-addac30dd034}</UniqueIdentifier>
    </Filter>
    <Filter Include="Kernel">
      <UniqueIdentifier>{bc438ae3-6b0a-4333-91db-cd548791adf0}</UniqueIdentifier>
    </Filter>
  </ItemGroup>
</Project>