<?xml version="1.0" encoding="utf-8"?>
<Project ToolsVersion="4.0" xmlns="http://schemas.microsoft.com/developer/msbuild/2003">
  <ItemGroup>
    <ClCompile Include="FooTest.cpp" />
    <ClCompile Include="pch.cpp" />
    <ClCompile Include="SListTest.cpp" />
    <ClCompile Include="Foo.cpp" />
    <ClCompile Include="VectorTest.cpp" />
    <ClCompile Include="HashMapTest.cpp" />
    <ClCompile Include="DefaultHashFunctorTest.cpp" />
    <ClCompile Include="DatumTest.cpp" />
    <ClCompile Include="ScopeTest.cpp" />
    <ClCompile Include="AttributedFoo.cpp" />
    <ClCompile Include="AttributedFooTest.cpp" />
    <ClCompile Include="Bar.cpp" />
    <ClCompile Include="ParsingTest.cpp" />
    <ClCompile Include="IDepthTestParseHelper.cpp" />
    <ClCompile Include="IIntegerJsonParseHelper.cpp" />
    <ClCompile Include="FooFactoryTest.cpp" />
    <ClCompile Include="WorldSectorEntityTest.cpp" />
    <ClCompile Include="ActionsTest.cpp" />
    <ClCompile Include="TestModuleInitialize.cpp" />
    <ClCompile Include="EventTest.cpp" />
    <ClCompile Include="FooSubscriber.cpp" />
    <ClCompile Include="FooEntity.cpp" />
    <ClCompile Include="ReactionTest.cpp" />
    <ClCompile Include="AsyncEventTest.cpp" />
    <ClCompile Include="AsyncSubscriberListTestSubscriber.cpp" />
    <ClCompile Include="AsyncEventQueueTestSubscriber.cpp" />
    <ClCompile Include="OrderedMapTest.cpp" />
    <ClCompile Include="OrderedMultiMapTest.cpp" />
    <ClCompile Include="OrderedMultiSetTest.cpp" />
    <ClCompile Include="OrderedSetTest.cpp" />
  </ItemGroup>
  <ItemGroup>
    <ClInclude Include="pch.h" />
    <ClInclude Include="Foo.h" />
    <ClInclude Include="ToStringTemplates.h" />
    <ClInclude Include="DefaultHashFunctorTemplates.h" />
    <ClInclude Include="AttributedFoo.h" />
    <ClInclude Include="Bar.h" />
    <ClInclude Include="IDepthTestParseHelper.h" />
    <ClInclude Include="IIntegerJsonParseHelper.h" />
    <ClInclude Include="FooSubscriber.h" />
    <ClInclude Include="FooEntity.h" />
    <ClInclude Include="AsyncSubscriberListTestSubscriber.h" />
    <ClInclude Include="AsyncEventQueueTestSubscriber.h" />
    <ClInclude Include="TestModuleConstants.h" />
  </ItemGroup>
</Project>